
Microsoft Visual Studio Solution File, Format Version 12.00
# Visual Studio Version 16
VisualStudioVersion = 25.0.1706.4
MinimumVisualStudioVersion = 10.0.40219.1
Project("{FAE04EC0-301F-11D3-BF4B-00C04F79EFBC}") = "lab3", "lab3\lab3.csproj", "{DC3495BC-567A-407F-95D2-969F9237D2A7}"
EndProject
Global
	GlobalSection(SolutionConfigurationPlatforms) = preSolution
		Debug|Any CPU = Debug|Any CPU
		Release|Any CPU = Release|Any CPU
	EndGlobalSection
	GlobalSection(ProjectConfigurationPlatforms) = postSolution
		{DC3495BC-567A-407F-95D2-969F9237D2A7}.Debug|Any CPU.ActiveCfg = Debug|Any CPU
		{DC3495BC-567A-407F-95D2-969F9237D2A7}.Debug|Any CPU.Build.0 = Debug|Any CPU
		{DC3495BC-567A-407F-95D2-969F9237D2A7}.Release|Any CPU.ActiveCfg = Release|Any CPU
		{DC3495BC-567A-407F-95D2-969F9237D2A7}.Release|Any CPU.Build.0 = Release|Any CPU
	EndGlobalSection
	GlobalSection(SolutionProperties) = preSolution
		HideSolutionNode = FALSE
	EndGlobalSection
	GlobalSection(ExtensibilityGlobals) = postSolution
		SolutionGuid = {2B9020C6-5504-4814-B11C-1C5F4B6C30F9}
	EndGlobalSection
EndGlobal
